// !$*UTF8*$!
{
	archiveVersion = 1;
	classes = {
	};
	objectVersion = 55;
	objects = {

/* Begin PBXBuildFile section */
		5465C4D028DC103900E54736 /* Widgets_SwiftUIApp.swift in Sources */ = {isa = PBXBuildFile; fileRef = 5465C4CF28DC103900E54736 /* Widgets_SwiftUIApp.swift */; };
		5465C4D228DC103900E54736 /* ContentView.swift in Sources */ = {isa = PBXBuildFile; fileRef = 5465C4D128DC103900E54736 /* ContentView.swift */; };
		5465C4D428DC103F00E54736 /* Assets.xcassets in Resources */ = {isa = PBXBuildFile; fileRef = 5465C4D328DC103F00E54736 /* Assets.xcassets */; };
		5465C4D728DC103F00E54736 /* Preview Assets.xcassets in Resources */ = {isa = PBXBuildFile; fileRef = 5465C4D628DC103F00E54736 /* Preview Assets.xcassets */; };
		5465C4E428DC10C600E54736 /* WidgetKit.framework in Frameworks */ = {isa = PBXBuildFile; fileRef = 5465C4E328DC10C600E54736 /* WidgetKit.framework */; };
		5465C4E628DC10C600E54736 /* SwiftUI.framework in Frameworks */ = {isa = PBXBuildFile; fileRef = 5465C4E528DC10C600E54736 /* SwiftUI.framework */; };
		5465C4E928DC10C600E54736 /* WidgetsExtension.swift in Sources */ = {isa = PBXBuildFile; fileRef = 5465C4E828DC10C600E54736 /* WidgetsExtension.swift */; };
		5465C4EC28DC10C800E54736 /* Assets.xcassets in Resources */ = {isa = PBXBuildFile; fileRef = 5465C4EB28DC10C800E54736 /* Assets.xcassets */; };
		5465C4EE28DC10C800E54736 /* WidgetsExtension.intentdefinition in Sources */ = {isa = PBXBuildFile; fileRef = 5465C4EA28DC10C600E54736 /* WidgetsExtension.intentdefinition */; };
		5465C4EF28DC10C800E54736 /* WidgetsExtension.intentdefinition in Sources */ = {isa = PBXBuildFile; fileRef = 5465C4EA28DC10C600E54736 /* WidgetsExtension.intentdefinition */; };
		5465C4F228DC10C800E54736 /* WidgetsExtensionExtension.appex in Embed App Extensions */ = {isa = PBXBuildFile; fileRef = 5465C4E128DC10C600E54736 /* WidgetsExtensionExtension.appex */; settings = {ATTRIBUTES = (RemoveHeadersOnCopy, ); }; };
/* End PBXBuildFile section */

/* Begin PBXContainerItemProxy section */
		5465C4F028DC10C800E54736 /* PBXContainerItemProxy */ = {
			isa = PBXContainerItemProxy;
			containerPortal = 5465C4C428DC103900E54736 /* Project object */;
			proxyType = 1;
			remoteGlobalIDString = 5465C4E028DC10C600E54736;
			remoteInfo = WidgetsExtensionExtension;
		};
/* End PBXContainerItemProxy section */

/* Begin PBXCopyFilesBuildPhase section */
		5465C4F628DC10C800E54736 /* Embed App Extensions */ = {
			isa = PBXCopyFilesBuildPhase;
			buildActionMask = 2147483647;
			dstPath = "";
			dstSubfolderSpec = 13;
			files = (
				5465C4F228DC10C800E54736 /* WidgetsExtensionExtension.appex in Embed App Extensions */,
			);
			name = "Embed App Extensions";
			runOnlyForDeploymentPostprocessing = 0;
		};
/* End PBXCopyFilesBuildPhase section */

/* Begin PBXFileReference section */
		5465C4CC28DC103900E54736 /* Widgets-SwiftUI.app */ = {isa = PBXFileReference; explicitFileType = wrapper.application; includeInIndex = 0; path = "Widgets-SwiftUI.app"; sourceTree = BUILT_PRODUCTS_DIR; };
		5465C4CF28DC103900E54736 /* Widgets_SwiftUIApp.swift */ = {isa = PBXFileReference; lastKnownFileType = sourcecode.swift; path = Widgets_SwiftUIApp.swift; sourceTree = "<group>"; };
		5465C4D128DC103900E54736 /* ContentView.swift */ = {isa = PBXFileReference; lastKnownFileType = sourcecode.swift; path = ContentView.swift; sourceTree = "<group>"; };
		5465C4D328DC103F00E54736 /* Assets.xcassets */ = {isa = PBXFileReference; lastKnownFileType = folder.assetcatalog; path = Assets.xcassets; sourceTree = "<group>"; };
		5465C4D628DC103F00E54736 /* Preview Assets.xcassets */ = {isa = PBXFileReference; lastKnownFileType = folder.assetcatalog; path = "Preview Assets.xcassets"; sourceTree = "<group>"; };
		5465C4E128DC10C600E54736 /* WidgetsExtensionExtension.appex */ = {isa = PBXFileReference; explicitFileType = "wrapper.app-extension"; includeInIndex = 0; path = WidgetsExtensionExtension.appex; sourceTree = BUILT_PRODUCTS_DIR; };
		5465C4E328DC10C600E54736 /* WidgetKit.framework */ = {isa = PBXFileReference; lastKnownFileType = wrapper.framework; name = WidgetKit.framework; path = System/Library/Frameworks/WidgetKit.framework; sourceTree = SDKROOT; };
		5465C4E528DC10C600E54736 /* SwiftUI.framework */ = {isa = PBXFileReference; lastKnownFileType = wrapper.framework; name = SwiftUI.framework; path = System/Library/Frameworks/SwiftUI.framework; sourceTree = SDKROOT; };
		5465C4E828DC10C600E54736 /* WidgetsExtension.swift */ = {isa = PBXFileReference; lastKnownFileType = sourcecode.swift; path = WidgetsExtension.swift; sourceTree = "<group>"; };
		5465C4EA28DC10C600E54736 /* WidgetsExtension.intentdefinition */ = {isa = PBXFileReference; lastKnownFileType = file.intentdefinition; path = WidgetsExtension.intentdefinition; sourceTree = "<group>"; };
		5465C4EB28DC10C800E54736 /* Assets.xcassets */ = {isa = PBXFileReference; lastKnownFileType = folder.assetcatalog; path = Assets.xcassets; sourceTree = "<group>"; };
		5465C4ED28DC10C800E54736 /* Info.plist */ = {isa = PBXFileReference; lastKnownFileType = text.plist.xml; path = Info.plist; sourceTree = "<group>"; };
/* End PBXFileReference section */

/* Begin PBXFrameworksBuildPhase section */
		5465C4C928DC103900E54736 /* Frameworks */ = {
			isa = PBXFrameworksBuildPhase;
			buildActionMask = 2147483647;
			files = (
			);
			runOnlyForDeploymentPostprocessing = 0;
		};
		5465C4DE28DC10C600E54736 /* Frameworks */ = {
			isa = PBXFrameworksBuildPhase;
			buildActionMask = 2147483647;
			files = (
				5465C4E628DC10C600E54736 /* SwiftUI.framework in Frameworks */,
				5465C4E428DC10C600E54736 /* WidgetKit.framework in Frameworks */,
			);
			runOnlyForDeploymentPostprocessing = 0;
		};
/* End PBXFrameworksBuildPhase section */

/* Begin PBXGroup section */
		5465C4C328DC103900E54736 = {
			isa = PBXGroup;
			children = (
				5465C4CE28DC103900E54736 /* Widgets-SwiftUI */,
				5465C4E728DC10C600E54736 /* WidgetsExtension */,
				5465C4E228DC10C600E54736 /* Frameworks */,
				5465C4CD28DC103900E54736 /* Products */,
			);
			sourceTree = "<group>";
		};
		5465C4CD28DC103900E54736 /* Products */ = {
			isa = PBXGroup;
			children = (
				5465C4CC28DC103900E54736 /* Widgets-SwiftUI.app */,
				5465C4E128DC10C600E54736 /* WidgetsExtensionExtension.appex */,
			);
			name = Products;
			sourceTree = "<group>";
		};
		5465C4CE28DC103900E54736 /* Widgets-SwiftUI */ = {
			isa = PBXGroup;
			children = (
				5465C4CF28DC103900E54736 /* Widgets_SwiftUIApp.swift */,
				5465C4D128DC103900E54736 /* ContentView.swift */,
				5465C4D328DC103F00E54736 /* Assets.xcassets */,
				5465C4D528DC103F00E54736 /* Preview Content */,
			);
			path = "Widgets-SwiftUI";
			sourceTree = "<group>";
		};
		5465C4D528DC103F00E54736 /* Preview Content */ = {
			isa = PBXGroup;
			children = (
				5465C4D628DC103F00E54736 /* Preview Assets.xcassets */,
			);
			path = "Preview Content";
			sourceTree = "<group>";
		};
		5465C4E228DC10C600E54736 /* Frameworks */ = {
			isa = PBXGroup;
			children = (
				5465C4E328DC10C600E54736 /* WidgetKit.framework */,
				5465C4E528DC10C600E54736 /* SwiftUI.framework */,
			);
			name = Frameworks;
			sourceTree = "<group>";
		};
		5465C4E728DC10C600E54736 /* WidgetsExtension */ = {
			isa = PBXGroup;
			children = (
				5465C4E828DC10C600E54736 /* WidgetsExtension.swift */,
				5465C4EA28DC10C600E54736 /* WidgetsExtension.intentdefinition */,
				5465C4EB28DC10C800E54736 /* Assets.xcassets */,
				5465C4ED28DC10C800E54736 /* Info.plist */,
			);
			path = WidgetsExtension;
			sourceTree = "<group>";
		};
/* End PBXGroup section */

/* Begin PBXNativeTarget section */
		5465C4CB28DC103900E54736 /* Widgets-SwiftUI */ = {
			isa = PBXNativeTarget;
			buildConfigurationList = 5465C4DA28DC104000E54736 /* Build configuration list for PBXNativeTarget "Widgets-SwiftUI" */;
			buildPhases = (
				5465C4C828DC103900E54736 /* Sources */,
				5465C4C928DC103900E54736 /* Frameworks */,
				5465C4CA28DC103900E54736 /* Resources */,
				5465C4F628DC10C800E54736 /* Embed App Extensions */,
			);
			buildRules = (
			);
			dependencies = (
				5465C4F128DC10C800E54736 /* PBXTargetDependency */,
			);
			name = "Widgets-SwiftUI";
			productName = "Widgets-SwiftUI";
			productReference = 5465C4CC28DC103900E54736 /* Widgets-SwiftUI.app */;
			productType = "com.apple.product-type.application";
		};
		5465C4E028DC10C600E54736 /* WidgetsExtensionExtension */ = {
			isa = PBXNativeTarget;
			buildConfigurationList = 5465C4F328DC10C800E54736 /* Build configuration list for PBXNativeTarget "WidgetsExtensionExtension" */;
			buildPhases = (
				5465C4DD28DC10C600E54736 /* Sources */,
				5465C4DE28DC10C600E54736 /* Frameworks */,
				5465C4DF28DC10C600E54736 /* Resources */,
			);
			buildRules = (
			);
			dependencies = (
			);
			name = WidgetsExtensionExtension;
			productName = WidgetsExtensionExtension;
			productReference = 5465C4E128DC10C600E54736 /* WidgetsExtensionExtension.appex */;
			productType = "com.apple.product-type.app-extension";
		};
/* End PBXNativeTarget section */

/* Begin PBXProject section */
		5465C4C428DC103900E54736 /* Project object */ = {
			isa = PBXProject;
			attributes = {
				BuildIndependentTargetsInParallel = 1;
				LastSwiftUpdateCheck = 1340;
				LastUpgradeCheck = 1340;
				TargetAttributes = {
					5465C4CB28DC103900E54736 = {
						CreatedOnToolsVersion = 13.4.1;
					};
					5465C4E028DC10C600E54736 = {
						CreatedOnToolsVersion = 13.4.1;
					};
				};
			};
			buildConfigurationList = 5465C4C728DC103900E54736 /* Build configuration list for PBXProject "Widgets-SwiftUI" */;
			compatibilityVersion = "Xcode 13.0";
			developmentRegion = en;
			hasScannedForEncodings = 0;
			knownRegions = (
				en,
				Base,
			);
			mainGroup = 5465C4C328DC103900E54736;
			productRefGroup = 5465C4CD28DC103900E54736 /* Products */;
			projectDirPath = "";
			projectRoot = "";
			targets = (
				5465C4CB28DC103900E54736 /* Widgets-SwiftUI */,
				5465C4E028DC10C600E54736 /* WidgetsExtensionExtension */,
			);
		};
/* End PBXProject section */

/* Begin PBXResourcesBuildPhase section */
		5465C4CA28DC103900E54736 /* Resources */ = {
			isa = PBXResourcesBuildPhase;
			buildActionMask = 2147483647;
			files = (
				5465C4D728DC103F00E54736 /* Preview Assets.xcassets in Resources */,
				5465C4D428DC103F00E54736 /* Assets.xcassets in Resources */,
			);
			runOnlyForDeploymentPostprocessing = 0;
		};
		5465C4DF28DC10C600E54736 /* Resources */ = {
			isa = PBXResourcesBuildPhase;
			buildActionMask = 2147483647;
			files = (
				5465C4EC28DC10C800E54736 /* Assets.xcassets in Resources */,
			);
			runOnlyForDeploymentPostprocessing = 0;
		};
/* End PBXResourcesBuildPhase section */

/* Begin PBXSourcesBuildPhase section */
		5465C4C828DC103900E54736 /* Sources */ = {
			isa = PBXSourcesBuildPhase;
			buildActionMask = 2147483647;
			files = (
				5465C4EF28DC10C800E54736 /* WidgetsExtension.intentdefinition in Sources */,
				5465C4D228DC103900E54736 /* ContentView.swift in Sources */,
				5465C4D028DC103900E54736 /* Widgets_SwiftUIApp.swift in Sources */,
			);
			runOnlyForDeploymentPostprocessing = 0;
		};
		5465C4DD28DC10C600E54736 /* Sources */ = {
			isa = PBXSourcesBuildPhase;
			buildActionMask = 2147483647;
			files = (
				5465C4EE28DC10C800E54736 /* WidgetsExtension.intentdefinition in Sources */,
				5465C4E928DC10C600E54736 /* WidgetsExtension.swift in Sources */,
			);
			runOnlyForDeploymentPostprocessing = 0;
		};
/* End PBXSourcesBuildPhase section */

/* Begin PBXTargetDependency section */
		5465C4F128DC10C800E54736 /* PBXTargetDependency */ = {
			isa = PBXTargetDependency;
			target = 5465C4E028DC10C600E54736 /* WidgetsExtensionExtension */;
			targetProxy = 5465C4F028DC10C800E54736 /* PBXContainerItemProxy */;
		};
/* End PBXTargetDependency section */

/* Begin XCBuildConfiguration section */
		5465C4D828DC103F00E54736 /* Debug */ = {
			isa = XCBuildConfiguration;
			buildSettings = {
				ALWAYS_SEARCH_USER_PATHS = NO;
				CLANG_ANALYZER_NONNULL = YES;
				CLANG_ANALYZER_NUMBER_OBJECT_CONVERSION = YES_AGGRESSIVE;
				CLANG_CXX_LANGUAGE_STANDARD = "gnu++17";
				CLANG_ENABLE_MODULES = YES;
				CLANG_ENABLE_OBJC_ARC = YES;
				CLANG_ENABLE_OBJC_WEAK = YES;
				CLANG_WARN_BLOCK_CAPTURE_AUTORELEASING = YES;
				CLANG_WARN_BOOL_CONVERSION = YES;
				CLANG_WARN_COMMA = YES;
				CLANG_WARN_CONSTANT_CONVERSION = YES;
				CLANG_WARN_DEPRECATED_OBJC_IMPLEMENTATIONS = YES;
				CLANG_WARN_DIRECT_OBJC_ISA_USAGE = YES_ERROR;
				CLANG_WARN_DOCUMENTATION_COMMENTS = YES;
				CLANG_WARN_EMPTY_BODY = YES;
				CLANG_WARN_ENUM_CONVERSION = YES;
				CLANG_WARN_INFINITE_RECURSION = YES;
				CLANG_WARN_INT_CONVERSION = YES;
				CLANG_WARN_NON_LITERAL_NULL_CONVERSION = YES;
				CLANG_WARN_OBJC_IMPLICIT_RETAIN_SELF = YES;
				CLANG_WARN_OBJC_LITERAL_CONVERSION = YES;
				CLANG_WARN_OBJC_ROOT_CLASS = YES_ERROR;
				CLANG_WARN_QUOTED_INCLUDE_IN_FRAMEWORK_HEADER = YES;
				CLANG_WARN_RANGE_LOOP_ANALYSIS = YES;
				CLANG_WARN_STRICT_PROTOTYPES = YES;
				CLANG_WARN_SUSPICIOUS_MOVE = YES;
				CLANG_WARN_UNGUARDED_AVAILABILITY = YES_AGGRESSIVE;
				CLANG_WARN_UNREACHABLE_CODE = YES;
				CLANG_WARN__DUPLICATE_METHOD_MATCH = YES;
				COPY_PHASE_STRIP = NO;
				DEBUG_INFORMATION_FORMAT = dwarf;
				ENABLE_STRICT_OBJC_MSGSEND = YES;
				ENABLE_TESTABILITY = YES;
				GCC_C_LANGUAGE_STANDARD = gnu11;
				GCC_DYNAMIC_NO_PIC = NO;
				GCC_NO_COMMON_BLOCKS = YES;
				GCC_OPTIMIZATION_LEVEL = 0;
				GCC_PREPROCESSOR_DEFINITIONS = (
					"DEBUG=1",
					"$(inherited)",
				);
				GCC_WARN_64_TO_32_BIT_CONVERSION = YES;
				GCC_WARN_ABOUT_RETURN_TYPE = YES_ERROR;
				GCC_WARN_UNDECLARED_SELECTOR = YES;
				GCC_WARN_UNINITIALIZED_AUTOS = YES_AGGRESSIVE;
				GCC_WARN_UNUSED_FUNCTION = YES;
				GCC_WARN_UNUSED_VARIABLE = YES;
				IPHONEOS_DEPLOYMENT_TARGET = 15.5;
				MTL_ENABLE_DEBUG_INFO = INCLUDE_SOURCE;
				MTL_FAST_MATH = YES;
				ONLY_ACTIVE_ARCH = YES;
				SDKROOT = iphoneos;
				SWIFT_ACTIVE_COMPILATION_CONDITIONS = DEBUG;
				SWIFT_OPTIMIZATION_LEVEL = "-Onone";
			};
			name = Debug;
		};
		5465C4D928DC104000E54736 /* Release */ = {
			isa = XCBuildConfiguration;
			buildSettings = {
				ALWAYS_SEARCH_USER_PATHS = NO;
				CLANG_ANALYZER_NONNULL = YES;
				CLANG_ANALYZER_NUMBER_OBJECT_CONVERSION = YES_AGGRESSIVE;
				CLANG_CXX_LANGUAGE_STANDARD = "gnu++17";
				CLANG_ENABLE_MODULES = YES;
				CLANG_ENABLE_OBJC_ARC = YES;
				CLANG_ENABLE_OBJC_WEAK = YES;
				CLANG_WARN_BLOCK_CAPTURE_AUTORELEASING = YES;
				CLANG_WARN_BOOL_CONVERSION = YES;
				CLANG_WARN_COMMA = YES;
				CLANG_WARN_CONSTANT_CONVERSION = YES;
				CLANG_WARN_DEPRECATED_OBJC_IMPLEMENTATIONS = YES;
				CLANG_WARN_DIRECT_OBJC_ISA_USAGE = YES_ERROR;
				CLANG_WARN_DOCUMENTATION_COMMENTS = YES;
				CLANG_WARN_EMPTY_BODY = YES;
				CLANG_WARN_ENUM_CONVERSION = YES;
				CLANG_WARN_INFINITE_RECURSION = YES;
				CLANG_WARN_INT_CONVERSION = YES;
				CLANG_WARN_NON_LITERAL_NULL_CONVERSION = YES;
				CLANG_WARN_OBJC_IMPLICIT_RETAIN_SELF = YES;
				CLANG_WARN_OBJC_LITERAL_CONVERSION = YES;
				CLANG_WARN_OBJC_ROOT_CLASS = YES_ERROR;
				CLANG_WARN_QUOTED_INCLUDE_IN_FRAMEWORK_HEADER = YES;
				CLANG_WARN_RANGE_LOOP_ANALYSIS = YES;
				CLANG_WARN_STRICT_PROTOTYPES = YES;
				CLANG_WARN_SUSPICIOUS_MOVE = YES;
				CLANG_WARN_UNGUARDED_AVAILABILITY = YES_AGGRESSIVE;
				CLANG_WARN_UNREACHABLE_CODE = YES;
				CLANG_WARN__DUPLICATE_METHOD_MATCH = YES;
				COPY_PHASE_STRIP = NO;
				DEBUG_INFORMATION_FORMAT = "dwarf-with-dsym";
				ENABLE_NS_ASSERTIONS = NO;
				ENABLE_STRICT_OBJC_MSGSEND = YES;
				GCC_C_LANGUAGE_STANDARD = gnu11;
				GCC_NO_COMMON_BLOCKS = YES;
				GCC_WARN_64_TO_32_BIT_CONVERSION = YES;
				GCC_WARN_ABOUT_RETURN_TYPE = YES_ERROR;
				GCC_WARN_UNDECLARED_SELECTOR = YES;
				GCC_WARN_UNINITIALIZED_AUTOS = YES_AGGRESSIVE;
				GCC_WARN_UNUSED_FUNCTION = YES;
				GCC_WARN_UNUSED_VARIABLE = YES;
				IPHONEOS_DEPLOYMENT_TARGET = 15.5;
				MTL_ENABLE_DEBUG_INFO = NO;
				MTL_FAST_MATH = YES;
				SDKROOT = iphoneos;
				SWIFT_COMPILATION_MODE = wholemodule;
				SWIFT_OPTIMIZATION_LEVEL = "-O";
				VALIDATE_PRODUCT = YES;
			};
			name = Release;
		};
		5465C4DB28DC104000E54736 /* Debug */ = {
			isa = XCBuildConfiguration;
			buildSettings = {
				ALWAYS_EMBED_SWIFT_STANDARD_LIBRARIES = YES;
				ASSETCATALOG_COMPILER_APPICON_NAME = AppIcon;
				ASSETCATALOG_COMPILER_GLOBAL_ACCENT_COLOR_NAME = AccentColor;
				CODE_SIGN_STYLE = Automatic;
				CURRENT_PROJECT_VERSION = 1;
				DEVELOPMENT_ASSET_PATHS = "\"Widgets-SwiftUI/Preview Content\"";
				DEVELOPMENT_TEAM = 9DZWZ3XCS8;
				ENABLE_PREVIEWS = YES;
				GENERATE_INFOPLIST_FILE = YES;
				INFOPLIST_KEY_UIApplicationSceneManifest_Generation = YES;
				INFOPLIST_KEY_UIApplicationSupportsIndirectInputEvents = YES;
				INFOPLIST_KEY_UILaunchScreen_Generation = YES;
				INFOPLIST_KEY_UISupportedInterfaceOrientations_iPad = "UIInterfaceOrientationPortrait UIInterfaceOrientationPortraitUpsideDown UIInterfaceOrientationLandscapeLeft UIInterfaceOrientationLandscapeRight";
				INFOPLIST_KEY_UISupportedInterfaceOrientations_iPhone = "UIInterfaceOrientationPortrait UIInterfaceOrientationLandscapeLeft UIInterfaceOrientationLandscapeRight";
				LD_RUNPATH_SEARCH_PATHS = (
					"$(inherited)",
					"@executable_path/Frameworks",
				);
				MARKETING_VERSION = 1.0;
				PRODUCT_BUNDLE_IDENTIFIER = "GNDR.Widgets-SwiftUI";
				PRODUCT_NAME = "$(TARGET_NAME)";
				SWIFT_EMIT_LOC_STRINGS = YES;
				SWIFT_VERSION = 5.0;
				TARGETED_DEVICE_FAMILY = "1,2";
			};
			name = Debug;
		};
		5465C4DC28DC104000E54736 /* Release */ = {
			isa = XCBuildConfiguration;
			buildSettings = {
				ALWAYS_EMBED_SWIFT_STANDARD_LIBRARIES = YES;
				ASSETCATALOG_COMPILER_APPICON_NAME = AppIcon;
				ASSETCATALOG_COMPILER_GLOBAL_ACCENT_COLOR_NAME = AccentColor;
				CODE_SIGN_STYLE = Automatic;
				CURRENT_PROJECT_VERSION = 1;
				DEVELOPMENT_ASSET_PATHS = "\"Widgets-SwiftUI/Preview Content\"";
				DEVELOPMENT_TEAM = 9DZWZ3XCS8;
				ENABLE_PREVIEWS = YES;
				GENERATE_INFOPLIST_FILE = YES;
				INFOPLIST_KEY_UIApplicationSceneManifest_Generation = YES;
				INFOPLIST_KEY_UIApplicationSupportsIndirectInputEvents = YES;
				INFOPLIST_KEY_UILaunchScreen_Generation = YES;
				INFOPLIST_KEY_UISupportedInterfaceOrientations_iPad = "UIInterfaceOrientationPortrait UIInterfaceOrientationPortraitUpsideDown UIInterfaceOrientationLandscapeLeft UIInterfaceOrientationLandscapeRight";
				INFOPLIST_KEY_UISupportedInterfaceOrientations_iPhone = "UIInterfaceOrientationPortrait UIInterfaceOrientationLandscapeLeft UIInterfaceOrientationLandscapeRight";
				LD_RUNPATH_SEARCH_PATHS = (
					"$(inherited)",
					"@executable_path/Frameworks",
				);
				MARKETING_VERSION = 1.0;
				PRODUCT_BUNDLE_IDENTIFIER = "GNDR.Widgets-SwiftUI";
				PRODUCT_NAME = "$(TARGET_NAME)";
				SWIFT_EMIT_LOC_STRINGS = YES;
				SWIFT_VERSION = 5.0;
				TARGETED_DEVICE_FAMILY = "1,2";
			};
			name = Release;
		};
		5465C4F428DC10C800E54736 /* Debug */ = {
			isa = XCBuildConfiguration;
			buildSettings = {
				ASSETCATALOG_COMPILER_GLOBAL_ACCENT_COLOR_NAME = AccentColor;
				ASSETCATALOG_COMPILER_WIDGET_BACKGROUND_COLOR_NAME = WidgetBackground;
				CODE_SIGN_STYLE = Automatic;
				CURRENT_PROJECT_VERSION = 1;
				DEVELOPMENT_TEAM = 9DZWZ3XCS8;
				GENERATE_INFOPLIST_FILE = YES;
				INFOPLIST_FILE = WidgetsExtension/Info.plist;
				INFOPLIST_KEY_CFBundleDisplayName = WidgetsExtension;
				INFOPLIST_KEY_NSHumanReadableCopyright = "";
				LD_RUNPATH_SEARCH_PATHS = (
					"$(inherited)",
					"@executable_path/Frameworks",
					"@executable_path/../../Frameworks",
				);
				MARKETING_VERSION = 1.0;
				PRODUCT_BUNDLE_IDENTIFIER = "GNDR.Widgets-SwiftUI.WidgetsExtension";
				PRODUCT_NAME = "$(TARGET_NAME)";
				SKIP_INSTALL = YES;
				SWIFT_EMIT_LOC_STRINGS = YES;
				SWIFT_VERSION = 5.0;
				TARGETED_DEVICE_FAMILY = "1,2";
			};
			name = Debug;
		};
		5465C4F528DC10C800E54736 /* Release */ = {
			isa = XCBuildConfiguration;
			buildSettings = {
				ASSETCATALOG_COMPILER_GLOBAL_ACCENT_COLOR_NAME = AccentColor;
				ASSETCATALOG_COMPILER_WIDGET_BACKGROUND_COLOR_NAME = WidgetBackground;
				CODE_SIGN_STYLE = Automatic;
				CURRENT_PROJECT_VERSION = 1;
				DEVELOPMENT_TEAM = 9DZWZ3XCS8;
				GENERATE_INFOPLIST_FILE = YES;
				INFOPLIST_FILE = WidgetsExtension/Info.plist;
				INFOPLIST_KEY_CFBundleDisplayName = WidgetsExtension;
				INFOPLIST_KEY_NSHumanReadableCopyright = "";
				LD_RUNPATH_SEARCH_PATHS = (
					"$(inherited)",
					"@executable_path/Frameworks",
					"@executable_path/../../Frameworks",
				);
				MARKETING_VERSION = 1.0;
				PRODUCT_BUNDLE_IDENTIFIER = "GNDR.Widgets-SwiftUI.WidgetsExtension";
				PRODUCT_NAME = "$(TARGET_NAME)";
				SKIP_INSTALL = YES;
				SWIFT_EMIT_LOC_STRINGS = YES;
				SWIFT_VERSION = 5.0;
				TARGETED_DEVICE_FAMILY = "1,2";
			};
			name = Release;
		};
/* End XCBuildConfiguration section */

/* Begin XCConfigurationList section */
		5465C4C728DC103900E54736 /* Build configuration list for PBXProject "Widgets-SwiftUI" */ = {
			isa = XCConfigurationList;
			buildConfigurations = (
				5465C4D828DC103F00E54736 /* Debug */,
				5465C4D928DC104000E54736 /* Release */,
			);
			defaultConfigurationIsVisible = 0;
			defaultConfigurationName = Release;
		};
		5465C4DA28DC104000E54736 /* Build configuration list for PBXNativeTarget "Widgets-SwiftUI" */ = {
			isa = XCConfigurationList;
			buildConfigurations = (
				5465C4DB28DC104000E54736 /* Debug */,
				5465C4DC28DC104000E54736 /* Release */,
			);
			defaultConfigurationIsVisible = 0;
			defaultConfigurationName = Release;
		};
		5465C4F328DC10C800E54736 /* Build configuration list for PBXNativeTarget "WidgetsExtensionExtension" */ = {
			isa = XCConfigurationList;
			buildConfigurations = (
				5465C4F428DC10C800E54736 /* Debug */,
				5465C4F528DC10C800E54736 /* Release */,
			);
			defaultConfigurationIsVisible = 0;
			defaultConfigurationName = Release;
		};
/* End XCConfigurationList section */
	};
	rootObject = 5465C4C428DC103900E54736 /* Project object */;
}
